
Microsoft Visual Studio Solution File, Format Version 12.00
# Visual Studio Version 17
VisualStudioVersion = 17.14.36511.14 d17.14
MinimumVisualStudioVersion = 10.0.40219.1
Project("{FAE04EC0-301F-11D3-BF4B-00C04F79EFBC}") = "Bloggie.Web", "Bloggie.Web\Bloggie.Web.csproj", "{43ADB724-4F2F-44EE-ADF3-3A92B291F7A8}"
EndProject
Global
	GlobalSection(SolutionConfigurationPlatforms) = preSolution
		Debug|Any CPU = Debug|Any CPU
		Release|Any CPU = Release|Any CPU
	EndGlobalSection
	GlobalSection(ProjectConfigurationPlatforms) = postSolution
		{43ADB724-4F2F-44EE-ADF3-3A92B291F7A8}.Debug|Any CPU.ActiveCfg = Debug|Any CPU
		{43ADB724-4F2F-44EE-ADF3-3A92B291F7A8}.Debug|Any CPU.Build.0 = Debug|Any CPU
		{43ADB724-4F2F-44EE-ADF3-3A92B291F7A8}.Release|Any CPU.ActiveCfg = Release|Any CPU
		{43ADB724-4F2F-44EE-ADF3-3A92B291F7A8}.Release|Any CPU.Build.0 = Release|Any CPU
	EndGlobalSection
	GlobalSection(SolutionProperties) = preSolution
		HideSolutionNode = FALSE
	EndGlobalSection
	GlobalSection(ExtensibilityGlobals) = postSolution
		SolutionGuid = {CED2C15E-6703-4238-9B09-FBB27784F710}
	EndGlobalSection
EndGlobal
